PODS:
  - Flutter (1.0.0)
  - home_widget (0.0.1):
    - Flutter
  - workmanager (0.0.1):
    - Flutter

DEPENDENCIES:
  - Flutter (from `Flutter`)
  - home_widget (from `.symlinks/plugins/home_widget/ios`)
  - workmanager (from `.symlinks/plugins/workmanager/ios`)

EXTERNAL SOURCES:
  Flutter:
    :path: Flutter
  home_widget:
    :path: ".symlinks/plugins/home_widget/ios"
  workmanager:
    :path: ".symlinks/plugins/workmanager/ios"

SPEC CHECKSUMS:
  Flutter: 434fef37c0980e73bb6479ef766c45957d4b510c
  home_widget: 2829415127ee92e876f816cbbe44c0b6601b8a37
  workmanager: 0afdcf5628bbde6924c21af7836fed07b42e30e6

PODFILE CHECKSUM: 54c92ae724292d2039df4b5b1bbeb7d8176aec1d

COCOAPODS: 1.10.1
