PODS:
  - Flutter (1.0.0)
  - flutter_ip (0.2.0):
    - Flutter

DEPENDENCIES:
  - Flutter (from `Flutter`)
  - flutter_ip (from `.symlinks/plugins/flutter_ip/ios`)

EXTERNAL SOURCES:
  Flutter:
    :path: Flutter
  flutter_ip:
    :path: ".symlinks/plugins/flutter_ip/ios"

SPEC CHECKSUMS:
  Flutter: 0e3d915762c693b495b44d77113d4970485de6ec
  flutter_ip: 43d1215a38a40aaea895a7dae9d1c53e50f504b3

PODFILE CHECKSUM: c34e2287a9ccaa606aeceab922830efb9a6ff69a

COCOAPODS: 1.9.0
