PODS:
  - device_id (0.0.1):
    - Flutter
  - Flutter (1.0.0)
  - imei_plugin (0.0.1):
    - Flutter

DEPENDENCIES:
  - device_id (from `.symlinks/plugins/device_id/ios`)
  - Flutter (from `Flutter`)
  - imei_plugin (from `.symlinks/plugins/imei_plugin/ios`)

EXTERNAL SOURCES:
  device_id:
    :path: ".symlinks/plugins/device_id/ios"
  Flutter:
    :path: Flutter
  imei_plugin:
    :path: ".symlinks/plugins/imei_plugin/ios"

SPEC CHECKSUMS:
  device_id: 4a0bf078741a3eec6ba0e6cc72e786395d5991b0
  Flutter: 0e3d915762c693b495b44d77113d4970485de6ec
  imei_plugin: cb1af7c223ac2d82dcd1457a7137d93d65d2a3cd

PODFILE CHECKSUM: c34e2287a9ccaa606aeceab922830efb9a6ff69a

COCOAPODS: 1.9.0
